
Microsoft Visual Studio Solution File, Format Version 12.00
# Visual Studio Version 16
VisualStudioVersion = 16.0.31702.278
MinimumVisualStudioVersion = 10.0.40219.1
Project("{9A19103F-16F7-4668-BE54-9A1E7A4F7556}") = "pz_5", "pz_5\pz_5.csproj", "{1788A1B0-34EA-4B74-A0CF-C2A1CC213266}"
EndProject
Project("{9A19103F-16F7-4668-BE54-9A1E7A4F7556}") = "pz_6", "pz_6\pz_6.csproj", "{0ADD3066-7B71-4849-A4D2-75174B04CBC8}"
EndProject
Project("{9A19103F-16F7-4668-BE54-9A1E7A4F7556}") = "pz_8", "pz_8\pz_8.csproj", "{9F89B20E-5E87-47B6-872C-5147D480E0D0}"
EndProject
Project("{FAE04EC0-301F-11D3-BF4B-00C04F79EFBC}") = "pz_9", "pz_9\pz_9.csproj", "{1C612E5B-F6C9-4D3A-892E-5AFBAEDE9BFD}"
EndProject
Project("{FAE04EC0-301F-11D3-BF4B-00C04F79EFBC}") = "pz_11", "pz_11\pz_11.csproj", "{C6D4A347-E0DF-4789-AFE7-342193F87497}"
EndProject
Project("{9A19103F-16F7-4668-BE54-9A1E7A4F7556}") = "pz_10", "pz_10\pz_10.csproj", "{9AD8C7BB-3CB9-4F0E-A8CA-413422B938F9}"
EndProject
Project("{9A19103F-16F7-4668-BE54-9A1E7A4F7556}") = "pz_15", "pz_15\pz_15.csproj", "{F4FBEA45-A68E-47C9-8C8D-4EBEF0EF79AE}"
EndProject
Project("{9A19103F-16F7-4668-BE54-9A1E7A4F7556}") = "pz_17", "pz_17\pz_17.csproj", "{B3A0A3E3-7EF0-417A-A52E-8E5287BE4627}"
EndProject
Project("{9A19103F-16F7-4668-BE54-9A1E7A4F7556}") = "pz_14", "pz_14\pz_14.csproj", "{CB58087C-C5A4-4680-A082-8261437D18B1}"
EndProject
Project("{9A19103F-16F7-4668-BE54-9A1E7A4F7556}") = "pz_2", "pz_2\pz_2.csproj", "{894BF2E5-CCFE-4083-BA37-10209CD81473}"
EndProject
Project("{9A19103F-16F7-4668-BE54-9A1E7A4F7556}") = "pz_3", "pz_3\pz_3.csproj", "{86CCDF49-6565-4F8F-8E17-9D62CF0C3CE1}"
EndProject
Project("{9A19103F-16F7-4668-BE54-9A1E7A4F7556}") = "pz_1", "pz_1\pz_1.csproj", "{2C668DAC-7137-491E-95AF-0D1BE0E16286}"
EndProject
Project("{9A19103F-16F7-4668-BE54-9A1E7A4F7556}") = "pz_2_3", "pz_2_3\pz_2_3.csproj", "{81AB24D1-D2C9-4018-ABA2-1E1E7A52AFD8}"
EndProject
Project("{9A19103F-16F7-4668-BE54-9A1E7A4F7556}") = "pz_2_4", "pz_2_4\pz_2_4.csproj", "{9DA591F9-2D6F-46A0-ABC1-AF211E9F4BEF}"
EndProject
Project("{FAE04EC0-301F-11D3-BF4B-00C04F79EFBC}") = "pz_2_8", "pz_2_8\pz_2_8.csproj", "{AC819F1B-E708-4F02-ACF4-8D8306EAA66D}"
EndProject
Global
	GlobalSection(SolutionConfigurationPlatforms) = preSolution
		Debug|Any CPU = Debug|Any CPU
		Release|Any CPU = Release|Any CPU
	EndGlobalSection
	GlobalSection(ProjectConfigurationPlatforms) = postSolution
		{1788A1B0-34EA-4B74-A0CF-C2A1CC213266}.Debug|Any CPU.ActiveCfg = Debug|Any CPU
		{1788A1B0-34EA-4B74-A0CF-C2A1CC213266}.Debug|Any CPU.Build.0 = Debug|Any CPU
		{1788A1B0-34EA-4B74-A0CF-C2A1CC213266}.Release|Any CPU.ActiveCfg = Release|Any CPU
		{1788A1B0-34EA-4B74-A0CF-C2A1CC213266}.Release|Any CPU.Build.0 = Release|Any CPU
		{0ADD3066-7B71-4849-A4D2-75174B04CBC8}.Debug|Any CPU.ActiveCfg = Debug|Any CPU
		{0ADD3066-7B71-4849-A4D2-75174B04CBC8}.Debug|Any CPU.Build.0 = Debug|Any CPU
		{0ADD3066-7B71-4849-A4D2-75174B04CBC8}.Release|Any CPU.ActiveCfg = Release|Any CPU
		{0ADD3066-7B71-4849-A4D2-75174B04CBC8}.Release|Any CPU.Build.0 = Release|Any CPU
		{9F89B20E-5E87-47B6-872C-5147D480E0D0}.Debug|Any CPU.ActiveCfg = Debug|Any CPU
		{9F89B20E-5E87-47B6-872C-5147D480E0D0}.Debug|Any CPU.Build.0 = Debug|Any CPU
		{9F89B20E-5E87-47B6-872C-5147D480E0D0}.Release|Any CPU.ActiveCfg = Release|Any CPU
		{9F89B20E-5E87-47B6-872C-5147D480E0D0}.Release|Any CPU.Build.0 = Release|Any CPU
		{1C612E5B-F6C9-4D3A-892E-5AFBAEDE9BFD}.Debug|Any CPU.ActiveCfg = Debug|Any CPU
		{1C612E5B-F6C9-4D3A-892E-5AFBAEDE9BFD}.Debug|Any CPU.Build.0 = Debug|Any CPU
		{1C612E5B-F6C9-4D3A-892E-5AFBAEDE9BFD}.Release|Any CPU.ActiveCfg = Release|Any CPU
		{1C612E5B-F6C9-4D3A-892E-5AFBAEDE9BFD}.Release|Any CPU.Build.0 = Release|Any CPU
		{C6D4A347-E0DF-4789-AFE7-342193F87497}.Debug|Any CPU.ActiveCfg = Debug|Any CPU
		{C6D4A347-E0DF-4789-AFE7-342193F87497}.Debug|Any CPU.Build.0 = Debug|Any CPU
		{C6D4A347-E0DF-4789-AFE7-342193F87497}.Release|Any CPU.ActiveCfg = Release|Any CPU
		{C6D4A347-E0DF-4789-AFE7-342193F87497}.Release|Any CPU.Build.0 = Release|Any CPU
		{9AD8C7BB-3CB9-4F0E-A8CA-413422B938F9}.Debug|Any CPU.ActiveCfg = Debug|Any CPU
		{9AD8C7BB-3CB9-4F0E-A8CA-413422B938F9}.Debug|Any CPU.Build.0 = Debug|Any CPU
		{9AD8C7BB-3CB9-4F0E-A8CA-413422B938F9}.Release|Any CPU.ActiveCfg = Release|Any CPU
		{9AD8C7BB-3CB9-4F0E-A8CA-413422B938F9}.Release|Any CPU.Build.0 = Release|Any CPU
		{F4FBEA45-A68E-47C9-8C8D-4EBEF0EF79AE}.Debug|Any CPU.ActiveCfg = Debug|Any CPU
		{F4FBEA45-A68E-47C9-8C8D-4EBEF0EF79AE}.Debug|Any CPU.Build.0 = Debug|Any CPU
		{F4FBEA45-A68E-47C9-8C8D-4EBEF0EF79AE}.Release|Any CPU.ActiveCfg = Release|Any CPU
		{F4FBEA45-A68E-47C9-8C8D-4EBEF0EF79AE}.Release|Any CPU.Build.0 = Release|Any CPU
		{B3A0A3E3-7EF0-417A-A52E-8E5287BE4627}.Debug|Any CPU.ActiveCfg = Debug|Any CPU
		{B3A0A3E3-7EF0-417A-A52E-8E5287BE4627}.Debug|Any CPU.Build.0 = Debug|Any CPU
		{B3A0A3E3-7EF0-417A-A52E-8E5287BE4627}.Release|Any CPU.ActiveCfg = Release|Any CPU
		{B3A0A3E3-7EF0-417A-A52E-8E5287BE4627}.Release|Any CPU.Build.0 = Release|Any CPU
		{CB58087C-C5A4-4680-A082-8261437D18B1}.Debug|Any CPU.ActiveCfg = Debug|Any CPU
		{CB58087C-C5A4-4680-A082-8261437D18B1}.Debug|Any CPU.Build.0 = Debug|Any CPU
		{CB58087C-C5A4-4680-A082-8261437D18B1}.Release|Any CPU.ActiveCfg = Release|Any CPU
		{CB58087C-C5A4-4680-A082-8261437D18B1}.Release|Any CPU.Build.0 = Release|Any CPU
		{894BF2E5-CCFE-4083-BA37-10209CD81473}.Debug|Any CPU.ActiveCfg = Debug|Any CPU
		{894BF2E5-CCFE-4083-BA37-10209CD81473}.Debug|Any CPU.Build.0 = Debug|Any CPU
		{894BF2E5-CCFE-4083-BA37-10209CD81473}.Release|Any CPU.ActiveCfg = Release|Any CPU
		{894BF2E5-CCFE-4083-BA37-10209CD81473}.Release|Any CPU.Build.0 = Release|Any CPU
		{86CCDF49-6565-4F8F-8E17-9D62CF0C3CE1}.Debug|Any CPU.ActiveCfg = Debug|Any CPU
		{86CCDF49-6565-4F8F-8E17-9D62CF0C3CE1}.Debug|Any CPU.Build.0 = Debug|Any CPU
		{86CCDF49-6565-4F8F-8E17-9D62CF0C3CE1}.Release|Any CPU.ActiveCfg = Release|Any CPU
		{86CCDF49-6565-4F8F-8E17-9D62CF0C3CE1}.Release|Any CPU.Build.0 = Release|Any CPU
		{2C668DAC-7137-491E-95AF-0D1BE0E16286}.Debug|Any CPU.ActiveCfg = Debug|Any CPU
		{2C668DAC-7137-491E-95AF-0D1BE0E16286}.Debug|Any CPU.Build.0 = Debug|Any CPU
		{2C668DAC-7137-491E-95AF-0D1BE0E16286}.Release|Any CPU.ActiveCfg = Release|Any CPU
		{2C668DAC-7137-491E-95AF-0D1BE0E16286}.Release|Any CPU.Build.0 = Release|Any CPU
		{81AB24D1-D2C9-4018-ABA2-1E1E7A52AFD8}.Debug|Any CPU.ActiveCfg = Debug|Any CPU
		{81AB24D1-D2C9-4018-ABA2-1E1E7A52AFD8}.Debug|Any CPU.Build.0 = Debug|Any CPU
		{81AB24D1-D2C9-4018-ABA2-1E1E7A52AFD8}.Release|Any CPU.ActiveCfg = Release|Any CPU
		{81AB24D1-D2C9-4018-ABA2-1E1E7A52AFD8}.Release|Any CPU.Build.0 = Release|Any CPU
		{9DA591F9-2D6F-46A0-ABC1-AF211E9F4BEF}.Debug|Any CPU.ActiveCfg = Debug|Any CPU
		{9DA591F9-2D6F-46A0-ABC1-AF211E9F4BEF}.Debug|Any CPU.Build.0 = Debug|Any CPU
		{9DA591F9-2D6F-46A0-ABC1-AF211E9F4BEF}.Release|Any CPU.ActiveCfg = Release|Any CPU
		{9DA591F9-2D6F-46A0-ABC1-AF211E9F4BEF}.Release|Any CPU.Build.0 = Release|Any CPU
		{AC819F1B-E708-4F02-ACF4-8D8306EAA66D}.Debug|Any CPU.ActiveCfg = Debug|Any CPU
		{AC819F1B-E708-4F02-ACF4-8D8306EAA66D}.Debug|Any CPU.Build.0 = Debug|Any CPU
		{AC819F1B-E708-4F02-ACF4-8D8306EAA66D}.Release|Any CPU.ActiveCfg = Release|Any CPU
		{AC819F1B-E708-4F02-ACF4-8D8306EAA66D}.Release|Any CPU.Build.0 = Release|Any CPU
	EndGlobalSection
	GlobalSection(SolutionProperties) = preSolution
		HideSolutionNode = FALSE
	EndGlobalSection
	GlobalSection(ExtensibilityGlobals) = postSolution
		SolutionGuid = {AD794248-7D5C-448A-AAFB-D5B0A4CD7B07}
	EndGlobalSection
EndGlobal
